
Microsoft Visual Studio Solution File, Format Version 12.00
# Visual Studio Version 16
VisualStudioVersion = 16.0.29230.47
MinimumVisualStudioVersion = 10.0.40219.1
Project("{FAE04EC0-301F-11D3-BF4B-00C04F79EFBC}") = "TestWebApp", "TestWebApp\TestWebApp.csproj", "{5804D601-8E08-404F-A30C-D9173907DF8F}"
EndProject
Global
	GlobalSection(SolutionConfigurationPlatforms) = preSolution
		Debug|Any CPU = Debug|Any CPU
		Release|Any CPU = Release|Any CPU
	EndGlobalSection
	GlobalSection(ProjectConfigurationPlatforms) = postSolution
		{5804D601-8E08-404F-A30C-D9173907DF8F}.Debug|Any CPU.ActiveCfg = Debug|Any CPU
		{5804D601-8E08-404F-A30C-D9173907DF8F}.Debug|Any CPU.Build.0 = Debug|Any CPU
		{5804D601-8E08-404F-A30C-D9173907DF8F}.Release|Any CPU.ActiveCfg = Release|Any CPU
		{5804D601-8E08-404F-A30C-D9173907DF8F}.Release|Any CPU.Build.0 = Release|Any CPU
	EndGlobalSection
	GlobalSection(SolutionProperties) = preSolution
		HideSolutionNode = FALSE
	EndGlobalSection
	GlobalSection(ExtensibilityGlobals) = postSolution
		SolutionGuid = {51BF9236-E773-43F5-9864-D90AC98ED202}
	EndGlobalSection
EndGlobal
